
Microsoft Visual Studio Solution File, Format Version 12.00
# Visual Studio Version 17
VisualStudioVersion = 17.4.33403.182
MinimumVisualStudioVersion = 10.0.40219.1
Project("{FAE04EC0-301F-11D3-BF4B-00C04F79EFBC}") = "GIP Website", "GIP Website\GIP Website.csproj", "{26E124D9-3DDC-46C8-8B5C-8C2DD6F66056}"
EndProject
Global
	GlobalSection(SolutionConfigurationPlatforms) = preSolution
		Debug|Any CPU = Debug|Any CPU
		Release|Any CPU = Release|Any CPU
	EndGlobalSection
	GlobalSection(ProjectConfigurationPlatforms) = postSolution
		{26E124D9-3DDC-46C8-8B5C-8C2DD6F66056}.Debug|Any CPU.ActiveCfg = Debug|Any CPU
		{26E124D9-3DDC-46C8-8B5C-8C2DD6F66056}.Debug|Any CPU.Build.0 = Debug|Any CPU
		{26E124D9-3DDC-46C8-8B5C-8C2DD6F66056}.Release|Any CPU.ActiveCfg = Release|Any CPU
		{26E124D9-3DDC-46C8-8B5C-8C2DD6F66056}.Release|Any CPU.Build.0 = Release|Any CPU
	EndGlobalSection
	GlobalSection(SolutionProperties) = preSolution
		HideSolutionNode = FALSE
	EndGlobalSection
	GlobalSection(ExtensibilityGlobals) = postSolution
		SolutionGuid = {1815FC14-D070-4365-9E9C-A05FC3313636}
	EndGlobalSection
EndGlobal
